
Microsoft Visual Studio Solution File, Format Version 12.00
# Visual Studio 15
VisualStudioVersion = 15.0.27130.2020
MinimumVisualStudioVersion = 10.0.40219.1
Project("{FAE04EC0-301F-11D3-BF4B-00C04F79EFBC}") = "WpfApp4", "WpfApp4\WpfApp4.csproj", "{99315416-5199-4F04-8D8C-CC50433343E8}"
EndProject
Global
	GlobalSection(SolutionConfigurationPlatforms) = preSolution
		Debug|Any CPU = Debug|Any CPU
		Release|Any CPU = Release|Any CPU
	EndGlobalSection
	GlobalSection(ProjectConfigurationPlatforms) = postSolution
		{99315416-5199-4F04-8D8C-CC50433343E8}.Debug|Any CPU.ActiveCfg = Debug|Any CPU
		{99315416-5199-4F04-8D8C-CC50433343E8}.Debug|Any CPU.Build.0 = Debug|Any CPU
		{99315416-5199-4F04-8D8C-CC50433343E8}.Release|Any CPU.ActiveCfg = Release|Any CPU
		{99315416-5199-4F04-8D8C-CC50433343E8}.Release|Any CPU.Build.0 = Release|Any CPU
	EndGlobalSection
	GlobalSection(SolutionProperties) = preSolution
		HideSolutionNode = FALSE
	EndGlobalSection
	GlobalSection(ExtensibilityGlobals) = postSolution
		SolutionGuid = {5318F7D1-7041-4393-B879-7DD1FCB50A0B}
	EndGlobalSection
EndGlobal
